[[package]]
name = "numpy"
version = "1.21.1"
description = "NumPy is the fundamental package for array computing with Python."
category = "main"
optional = false
python-versions = ">=3.7"

[[package]]
name = "opencv-contrib-python"
version = "4.5.3.56"
description = "Wrapper package for OpenCV python bindings."
category = "main"
optional = false
python-versions = ">=3.6"

[package.dependencies]
numpy = ">=1.21.0"

[[package]]
name = "watchdog"
version = "2.1.4"
description = "Filesystem events monitoring"
category = "main"
optional = false
python-versions = ">=3.6"

[package.extras]
watchmedo = ["PyYAML (>=3.10)", "argh (>=0.24.1)"]

[metadata]
lock-version = "1.1"
python-versions = "^3.8"
content-hash = "5e4b5c93ac2283b168e046f4b1fdb87f0790f188523e19514a71f4fd4e994fc4"

[metadata.files]
numpy = [
    {file = "numpy-1.21.1-cp37-cp37m-macosx_10_9_x86_64.whl", hash = "sha256:38e8648f9449a549a7dfe8d8755a5979b45b3538520d1e735637ef28e8c2dc50"},
    {file = "numpy-1.21.1-cp37-cp37m-manylinux_2_12_i686.manylinux2010_i686.whl", hash = "sha256:fd7d7409fa643a91d0a05c7554dd68aa9c9bb16e186f6ccfe40d6e003156e33a"},
    {file = "numpy-1.21.1-cp37-cp37m-manylinux_2_12_x86_64.manylinux2010_x86_64.whl", hash = "sha256:a75b4498b1e93d8b700282dc8e655b8bd559c0904b3910b144646dbbbc03e062"},
    {file = "numpy-1.21.1-cp37-cp37m-manylinux_2_17_aarch64.manylinux2014_aarch64.whl", hash = "sha256:1412aa0aec3e00bc23fbb8664d76552b4efde98fb71f60737c83efbac24112f1"},
    {file = "numpy-1.21.1-cp37-cp37m-manylinux_2_5_i686.manylinux1_i686.whl", hash = "sha256:e46ceaff65609b5399163de5893d8f2a82d3c77d5e56d976c8b5fb01faa6b671"},
    {file = "numpy-1.21.1-cp37-cp37m-manylinux_2_5_x86_64.manylinux1_x86_64.whl", hash = "sha256:c6a2324085dd52f96498419ba95b5777e40b6bcbc20088fddb9e8cbb58885e8e"},
    {file = "numpy-1.21.1-cp37-cp37m-win32.whl", hash = "sha256:73101b2a1fef16602696d133db402a7e7586654682244344b8329cdcbbb82172"},
    {file = "numpy-1.21.1-cp37-cp37m-win_amd64.whl", hash = "sha256:7a708a79c9a9d26904d1cca8d383bf869edf6f8e7650d85dbc77b041e8c5a0f8"},
    {file = "numpy-1.21.1-cp38-cp38-macosx_10_9_universal2.whl", hash = "sha256:95b995d0c413f5d0428b3f880e8fe1660ff9396dcd1f9eedbc311f37b5652e16"},
    {file = "numpy-1.21.1-cp38-cp38-macosx_10_9_x86_64.whl", hash = "sha256:635e6bd31c9fb3d475c8f44a089569070d10a9ef18ed13738b03049280281267"},
    {file = "numpy-1.21.1-cp38-cp38-macosx_11_0_arm64.whl", hash = "sha256:4a3d5fb89bfe21be2ef47c0614b9c9c707b7362386c9a3ff1feae63e0267ccb6"},
    {file = "numpy-1.21.1-cp38-cp38-manylinux_2_12_i686.manylinux2010_i686.whl", hash = "sha256:8a326af80e86d0e9ce92bcc1e65c8ff88297de4fa14ee936cb2293d414c9ec63"},
    {file = "numpy-1.21.1-cp38-cp38-manylinux_2_12_x86_64.manylinux2010_x86_64.whl", hash = "sha256:791492091744b0fe390a6ce85cc1bf5149968ac7d5f0477288f78c89b385d9af"},
    {file = "numpy-1.21.1-cp38-cp38-manylinux_2_17_aarch64.manylinux2014_aarch64.whl", hash = "sha256:0318c465786c1f63ac05d7c4dbcecd4d2d7e13f0959b01b534ea1e92202235c5"},
    {file = "numpy-1.21.1-cp38-cp38-manylinux_2_5_i686.manylinux1_i686.whl", hash = "sha256:9a513bd9c1551894ee3d31369f9b07460ef223694098cf27d399513415855b68"},
    {file = "numpy-1.21.1-cp38-cp38-manylinux_2_5_x86_64.manylinux1_x86_64.whl", hash = "sha256:91c6f5fc58df1e0a3cc0c3a717bb3308ff850abdaa6d2d802573ee2b11f674a8"},
    {file = "numpy-1.21.1-cp38-cp38-win32.whl", hash = "sha256:978010b68e17150db8765355d1ccdd450f9fc916824e8c4e35ee620590e234cd"},
    {file = "numpy-1.21.1-cp38-cp38-win_amd64.whl", hash = "sha256:9749a40a5b22333467f02fe11edc98f022133ee1bfa8ab99bda5e5437b831214"},
    {file = "numpy-1.21.1-cp39-cp39-macosx_10_9_universal2.whl", hash = "sha256:d7a4aeac3b94af92a9373d6e77b37691b86411f9745190d2c351f410ab3a791f"},
    {file = "numpy-1.21.1-cp39-cp39-macosx_10_9_x86_64.whl", hash = "sha256:d9e7912a56108aba9b31df688a4c4f5cb0d9d3787386b87d504762b6754fbb1b"},
    {file = "numpy-1.21.1-cp39-cp39-macosx_11_0_arm64.whl", hash = "sha256:25b40b98ebdd272bc3020935427a4530b7d60dfbe1ab9381a39147834e985eac"},
    {file = "numpy-1.21.1-cp39-cp39-manylinux_2_12_i686.manylinux2010_i686.whl", hash = "sha256:8a92c5aea763d14ba9d6475803fc7904bda7decc2a0a68153f587ad82941fec1"},
    {file = "numpy-1.21.1-cp39-cp39-manylinux_2_12_x86_64.manylinux2010_x86_64.whl", hash = "sha256:05a0f648eb28bae4bcb204e6fd14603de2908de982e761a2fc78efe0f19e96e1"},
    {file = "numpy-1.21.1-cp39-cp39-manylinux_2_17_aarch64.manylinux2014_aarch64.whl", hash = "sha256:f01f28075a92eede918b965e86e8f0ba7b7797a95aa8d35e1cc8821f5fc3ad6a"},
    {file = "numpy-1.21.1-cp39-cp39-win32.whl", hash = "sha256:88c0b89ad1cc24a5efbb99ff9ab5db0f9a86e9cc50240177a571fbe9c2860ac2"},
    {file = "numpy-1.21.1-cp39-cp39-win_amd64.whl", hash = "sha256:01721eefe70544d548425a07c80be8377096a54118070b8a62476866d5208e33"},
    {file = "numpy-1.21.1-pp37-pypy37_pp73-manylinux_2_12_x86_64.manylinux2010_x86_64.whl", hash = "sha256:2d4d1de6e6fb3d28781c73fbde702ac97f03d79e4ffd6598b880b2d95d62ead4"},
    {file = "numpy-1.21.1.zip", hash = "sha256:dff4af63638afcc57a3dfb9e4b26d434a7a602d225b42d746ea7fe2edf1342fd"},
]
opencv-contrib-python = [
    {file = "opencv-contrib-python-4.5.3.56.tar.gz", hash = "sha256:c14a3330d34768f9fffc852066a0a8c3da7ed4220f4f54bce5ce7fae3ece9613"},
    {file = "opencv_contrib_python-4.5.3.56-cp36-cp36m-macosx_10_15_x86_64.whl", hash = "sha256:417e0a012db7d88f24ab8a37e354633c60f32133efc3b760d48fc6a5d55a1a60"},
    {file = "opencv_contrib_python-4.5.3.56-cp36-cp36m-manylinux2014_aarch64.whl", hash = "sha256:4904f4f7ac5b97ed6aaca2123a4c5fb4fba64ae69aed6eb62354348c773b292b"},
    {file = "opencv_contrib_python-4.5.3.56-cp36-cp36m-manylinux2014_x86_64.whl", hash = "sha256:2eefbdb408a18e77d4dc7a45a4a26c6bdd13d1d3fdf7e186b6ab59000cb066af"},
    {file = "opencv_contrib_python-4.5.3.56-cp36-cp36m-win32.whl", hash = "sha256:673e4b536303d946daeef404dbbbbd981b42797997b80ce32be74651109175e2"},
    {file = "opencv_contrib_python-4.5.3.56-cp36-cp36m-win_amd64.whl", hash = "sha256:c39891e60b5232aaabc5fa3038bb86b81989032b7bc4c93f7487087bc6c1bfa7"},
    {file = "opencv_contrib_python-4.5.3.56-cp37-cp37m-macosx_10_15_x86_64.whl", hash = "sha256:3cbb1397122a2ebbb3a81ae7201f66298c244113125295ad101164cb11091655"},
    {file = "opencv_contrib_python-4.5.3.56-cp37-cp37m-macosx_11_0_arm64.whl", hash = "sha256:8bef689bbb9e8a78037cf5d05f72af2b677e52d129f96c3e90c780451b15812e"},
    {file = "opencv_contrib_python-4.5.3.56-cp37-cp37m-manylinux2014_aarch64.whl", hash = "sha256:13e4d5f27435a1b6af7428e9baef136fafb755627961cc2b06b55d70343a9971"},
    {file = "opencv_contrib_python-4.5.3.56-cp37-cp37m-manylinux2014_x86_64.whl", hash = "sha256:1df89629e1319dd32618a3b81571ed5347b4cd856b27703d194545f1c6750f3f"},
    {file = "opencv_contrib_python-4.5.3.56-cp37-cp37m-win32.whl", hash = "sha256:adafd178ca1aa9346de816d63fe1daccf107a502e66294de0949ac2e931c1e08"},
    {file = "opencv_contrib_python-4.5.3.56-cp37-cp37m-win_amd64.whl", hash = "sha256:d162f1fc70598499ddd494591255d0af916ae1e9933f0108717e67468a5ac968"},
    {file = "opencv_contrib_python-4.5.3.56-cp38-cp38-macosx_10_15_x86_64.whl", hash = "sha256:da4c647c7df07ecf1137abc6d20c38f99b171492439585e8c8e4697d31e9864e"},
    {file = "opencv_contrib_python-4.5.3.56-cp38-cp38-macosx_11_0_arm64.whl", hash = "sha256:b6dc21fb87c805cd79384f09b2ffd771f3a326301b8e2a24939e274d4baeae3e"},
    {file = "opencv_contrib_python-4.5.3.56-cp38-cp38-manylinux2014_aarch64.whl", hash = "sha256:7bfa0dfe2a1197cb1acafdda7cf348f932e562535f5974656220d7cf5e92c915"},
    {file = "opencv_contrib_python-4.5.3.56-cp38-cp38-manylinux2014_x86_64.whl", hash = "sha256:39fa9c697815f99046247d3f3a74080d43afc62d061db7e55138dbd815863288"},
    {file = "opencv_contrib_python-4.5.3.56-cp38-cp38-win32.whl", hash = "sha256:9e07583a96cece2c04a644d8b4cac47576a75cc1c2f201dcf888983938795018"},
    {file = "opencv_contrib_python-4.5.3.56-cp38-cp38-win_amd64.whl", hash = "sha256:4aacad9a1e74828f393566904fcb7da37ea75eae853b05a2d18ed126de8bef98"},
    {file = "opencv_contrib_python-4.5.3.56-cp39-cp39-macosx_10_15_x86_64.whl", hash = "sha256:3dc27353402136dca52095e906e5a124dafb3e84e027f9a1c1e6b9fb9c06780f"},
    {file = "opencv_contrib_python-4.5.3.56-cp39-cp39-macosx_11_0_arm64.whl", hash = "sha256:8fc536bbf455ca96509fc83719f709068f639227dbe5813267b53a415c785e4c"},
    {file = "opencv_contrib_python-4.5.3.56-cp39-cp39-manylinux2014_aarch64.whl", hash = "sha256:8736606e69a6c0bcee479d32bf57181dd04da3016feee5a626eed0cb510bc92f"},
    {file = "opencv_contrib_python-4.5.3.56-cp39-cp39-manylinux2014_x86_64.whl", hash = "sha256:79dc3adbda860ddf91facdf96a98be4f8bedb396245f2f0e4d8997b4c72908e1"},
    {file = "opencv_contrib_python-4.5.3.56-cp39-cp39-win32.whl", hash = "sha256:38bfd99d67f8eb910d5f995cdaaec041b7b049d3d5cb6caa4c6b52a034b8a99c"},
    {file = "opencv_contrib_python-4.5.3.56-cp39-cp39-win_amd64.whl", hash = "sha256:02d1fff3891301423075652406702fec7d194831f9549caf1ffd28139acbbe4c"},
]
watchdog = [
    {file = "watchdog-2.1.4-cp310-cp310-macosx_10_9_universal2.whl", hash = "sha256:073b379d74aecc7fcba3ee8c2a7b4ac5d56deca52bd47bab024464a47c084d34"},
    {file = "watchdog-2.1.4-cp310-cp310-macosx_10_9_x86_64.whl", hash = "sha256:1dd5e0e1577a0f3362f6ab986264d9695e40dfba247b994a522bfab254544fc1"},
    {file = "watchdog-2.1.4-cp310-cp310-macosx_11_0_arm64.whl", hash = "sha256:34e1517e745b223eb682d09a7ba2532cbb55ce9c8c778daba0955e1af37c903e"},
    {file = "watchdog-2.1.4-cp36-cp36m-macosx_10_9_x86_64.whl", hash = "sha256:bee7eb674850f052599d19f1efdd4db9bc4690593462b760662a38298f1d65b4"},
    {file = "watchdog-2.1.4-cp37-cp37m-macosx_10_9_x86_64.whl", hash = "sha256:e6e6b3a9920ca84d6cc22b313c87fac426e92114d1927ade2909ada3de243d45"},
    {file = "watchdog-2.1.4-cp38-cp38-macosx_10_9_universal2.whl", hash = "sha256:407524dc30d9e3bb46017987b100574eeb810d9cc50488aabf81a03ae70c4962"},
    {file = "watchdog-2.1.4-cp38-cp38-macosx_10_9_x86_64.whl", hash = "sha256:78e36af08a94325b7852827004f4bea1a9b472a532498026a4b8529189797a15"},
    {file = "watchdog-2.1.4-cp38-cp38-macosx_11_0_arm64.whl", hash = "sha256:9e0a159fedb9d83dee80b00759a82acd2596a3ed70247088f8a175ce46116096"},
    {file = "watchdog-2.1.4-cp39-cp39-macosx_10_9_universal2.whl", hash = "sha256:39a0711a6439a6fa8d9c78c93759fbb07bc61bb06378eaa5a32148a1468a8e87"},
    {file = "watchdog-2.1.4-cp39-cp39-macosx_10_9_x86_64.whl", hash = "sha256:d8bd7eec21964687b2364e7ab38fda6b4567809d590a0506f74cc48b2a2dfce4"},
    {file = "watchdog-2.1.4-cp39-cp39-macosx_11_0_arm64.whl", hash = "sha256:f743b2581c241f55b716e35b451f53076a07e15e1f2f0a83016c2ecaf6ace78e"},
    {file = "watchdog-2.1.4-pp37-pypy37_pp73-macosx_10_9_x86_64.whl", hash = "sha256:9b332a20029ebdff605829219fe858070b128471d60a9b6cc4797bb167fe22ff"},
    {file = "watchdog-2.1.4-py3-none-manylinux2014_aarch64.whl", hash = "sha256:becbe589b63891cfaa24afe8e31fa7ac0d541701644767c9c28f14da1d5489b7"},
    {file = "watchdog-2.1.4-py3-none-manylinux2014_armv7l.whl", hash = "sha256:73782538f9ab7d0fc1f78abd34fe94feea119bd2644c2659d71068d7252a774e"},
    {file = "watchdog-2.1.4-py3-none-manylinux2014_i686.whl", hash = "sha256:60785287032cc2cbd428486c0ff0a4b5c098d1ad256449ffe5fdd69657f5a126"},
    {file = "watchdog-2.1.4-py3-none-manylinux2014_ppc64.whl", hash = "sha256:2cca4c2725112d5a8b5b89ea24a51dad702db7048ae08dba0435b2c382f08e6d"},
    {file = "watchdog-2.1.4-py3-none-manylinux2014_ppc64le.whl", hash = "sha256:536bca6bc9661279310e5946ad4c2dfa5b2b1624e44a7acdf8cb37a10cc45f00"},
    {file = "watchdog-2.1.4-py3-none-manylinux2014_s390x.whl", hash = "sha256:0d4602a93e404b3b01e249297ce950ed249295a0c124cdb4b3fbc696032918fb"},
    {file = "watchdog-2.1.4-py3-none-manylinux2014_x86_64.whl", hash = "sha256:afb03a13c8a75a74f2894a313298ee95ff09fba1f02081ead249e790a5304a18"},
    {file = "watchdog-2.1.4-py3-none-win32.whl", hash = "sha256:47480f3a82694fe1f4d552b3da8420fecfc5273ba7996d7ceadd838d1970b31a"},
    {file = "watchdog-2.1.4-py3-none-win_amd64.whl", hash = "sha256:a56c7631dde228d81834466ebf4ebcc8996678b0f794e3e6dc401e9e71e9388d"},
    {file = "watchdog-2.1.4-py3-none-win_ia64.whl", hash = "sha256:6c58d1cbf01884602afcbc631f79f709812e20ec100a6526c91895d3238d4474"},
    {file = "watchdog-2.1.4.tar.gz", hash = "sha256:438efbbd929b6436add7ce89f3466ca836f31588220433efeb757b5947a9c979"},
]
